github.com/Wonderful-Summer/q-type v0.0.0-20220719064214-f1bc4c4cac59 h1:KS+FyslpK9rgsSMoH8nnlwstWPKYbNDAgHyrumYoK0A=
github.com/Wonderful-Summer/q-type v0.0.0-20220719064214-f1bc4c4cac59/go.mod h1:fy7Hj8apXyd6iUkkcuEUf0YZURwZwxGZJi3ipon6pkM=
github.com/wonderful-summer/q-type v0.0.0-20220719070734-033b23f1618f h1:7W7AwQ4sltB61M6oRCxATWMAKvPblUORsLeqNATP7Ko=
github.com/wonderful-summer/q-type v0.0.0-20220719070734-033b23f1618f/go.mod h1:BTiYRD9hibO/4XKZWCnAB7hiw2TmBzT9+MmPUwFUnRk=
